{
  "name": "nodejs",
  "lockfileVersion": 3,
  "requires": true,
  "packages": {
    "": {
      "dependencies": {
        "@vasilevdenis/ajs": "^1.0.0"
      }
    },
    "node_modules/@vasilevdenis/ajs": {
      "version": "1.0.0",
      "resolved": "https://npm.pkg.github.com/download/@vasilevdenis/ajs/1.0.0/dfcf084e7741138b473f53019217edeb66ecfa9a",
      "integrity": "sha512-DY8ItjHqm6iHJ/ysDxaQwb1RZcXg8pRJHoGCNSGpgL00fhSLL8MqBYplck0q3vDom2y7SxG5XR4tdn1m3mZ/vA=="
    }
  }
}
